{
  "name": "01-basics",
  "lockfileVersion": 3,
  "requires": true,
  "packages": {
    "": {
      "dependencies": {
        "figlet": "^1.11.4",
        "one-liner-joke": "^1.2.2",
        "random-cat-img": "^1.1.8"
      }
    },
    "node_modules/commander": {
      "version": "14.0.3",
      "resolved": "https://registry.npmjs.org/commander/-/commander-14.0.3.tgz",
      "integrity": "sha512-H+y0Jo/T1RZ9qPP4Eh1pkcQcLRglraJaSLoyOtHxu6AapkjWVCy2Sit1QQ4x3Dng8qDlSsZEet7g5Pq06MvTgw==",
      "license": "MIT",
      "engines": {
        "node": ">=20"
      }
    },
    "node_modules/figlet": {
      "version": "1.11.4",
      "resolved": "https://registry.npmjs.org/figlet/-/figlet-1.11.4.tgz",
      "integrity": "sha512-ZU41480OncL+NVLQrT0GVnbO0COL24sLSrzksioDgunmdJNYEUxhJJZ4Y3x1csN8XXqN5OcCZTLG8lKdquNyfQ==",
      "license": "MIT",
      "dependencies": {
        "commander": "^14.0.0"
      },
      "bin": {
        "figlet": "bin/index.js"
      },
      "engines": {
        "node": ">= 17.0.0"
      }
    },
    "node_modules/one-liner-joke": {
      "version": "1.2.2",
      "resolved": "https://registry.npmjs.org/one-liner-joke/-/one-liner-joke-1.2.2.tgz",
      "integrity": "sha512-ELNnmMtLPmp3b85J0FGm7i4Q5vfqPNefj6r5oMsk9OgrC3iaccIyn8FInVSsG3nGud4XIDqUKesLcGRCxoU2Zw==",
      "license": "MIT",
      "engines": {
        "node": ">=6.0.0"
      }
    },
    "node_modules/random-cat-img": {
      "version": "1.1.8",
      "resolved": "https://registry.npmjs.org/random-cat-img/-/random-cat-img-1.1.8.tgz",
      "integrity": "sha512-z+VBG73m+Y3WMTpOrv17TBNiHiUoGlCESJPb7hapvI6cZpiq/x6bDbBCvj0KVX8iuT7wxMz6vDklghywJeZUpQ==",
      "deprecated": "This package is deprecated. Use @sefinek/random-animals instead.",
      "license": "MIT"
    }
  }
}
